
Microsoft Visual Studio Solution File, Format Version 12.00
# Visual Studio Version 17
VisualStudioVersion = 17.13.35806.99 d17.13
MinimumVisualStudioVersion = 10.0.40219.1
Project("{8BC9CEB8-8B4A-11D0-8D11-00A0C91BC942}") = "btvn", "btvn\btvn.vcxproj", "{B887A1E5-438B-47CD-8D72-3410CCBD862B}"
EndProject
Global
	GlobalSection(SolutionConfigurationPlatforms) = preSolution
		Debug|x64 = Debug|x64
		Debug|x86 = Debug|x86
		Release|x64 = Release|x64
		Release|x86 = Release|x86
	EndGlobalSection
	GlobalSection(ProjectConfigurationPlatforms) = postSolution
		{B887A1E5-438B-47CD-8D72-3410CCBD862B}.Debug|x64.ActiveCfg = Debug|x64
		{B887A1E5-438B-47CD-8D72-3410CCBD862B}.Debug|x64.Build.0 = Debug|x64
		{B887A1E5-438B-47CD-8D72-3410CCBD862B}.Debug|x86.ActiveCfg = Debug|Win32
		{B887A1E5-438B-47CD-8D72-3410CCBD862B}.Debug|x86.Build.0 = Debug|Win32
		{B887A1E5-438B-47CD-8D72-3410CCBD862B}.Release|x64.ActiveCfg = Release|x64
		{B887A1E5-438B-47CD-8D72-3410CCBD862B}.Release|x64.Build.0 = Release|x64
		{B887A1E5-438B-47CD-8D72-3410CCBD862B}.Release|x86.ActiveCfg = Release|Win32
		{B887A1E5-438B-47CD-8D72-3410CCBD862B}.Release|x86.Build.0 = Release|Win32
	EndGlobalSection
	GlobalSection(SolutionProperties) = preSolution
		HideSolutionNode = FALSE
	EndGlobalSection
	GlobalSection(ExtensibilityGlobals) = postSolution
		SolutionGuid = {4B80BCF0-C142-4B4D-BF24-8A633D868200}
	EndGlobalSection
EndGlobal
